
Microsoft Visual Studio Solution File, Format Version 12.00
# Visual Studio Version 16
VisualStudioVersion = 16.0.28621.142
MinimumVisualStudioVersion = 10.0.40219.1
Project("{FAE04EC0-301F-11D3-BF4B-00C04F79EFBC}") = "WpfApp1", "WpfApp1\WpfApp1.csproj", "{D5FD8C73-2CD0-4D58-8BD7-F4A7C7B83D92}"
EndProject
Global
	GlobalSection(SolutionConfigurationPlatforms) = preSolution
		Debug|Any CPU = Debug|Any CPU
		Release|Any CPU = Release|Any CPU
	EndGlobalSection
	GlobalSection(ProjectConfigurationPlatforms) = postSolution
		{D5FD8C73-2CD0-4D58-8BD7-F4A7C7B83D92}.Debug|Any CPU.ActiveCfg = Debug|Any CPU
		{D5FD8C73-2CD0-4D58-8BD7-F4A7C7B83D92}.Debug|Any CPU.Build.0 = Debug|Any CPU
		{D5FD8C73-2CD0-4D58-8BD7-F4A7C7B83D92}.Release|Any CPU.ActiveCfg = Release|Any CPU
		{D5FD8C73-2CD0-4D58-8BD7-F4A7C7B83D92}.Release|Any CPU.Build.0 = Release|Any CPU
	EndGlobalSection
	GlobalSection(SolutionProperties) = preSolution
		HideSolutionNode = FALSE
	EndGlobalSection
	GlobalSection(ExtensibilityGlobals) = postSolution
		SolutionGuid = {1B122889-D7FB-4A60-8ABF-A28E1EF46173}
	EndGlobalSection
EndGlobal
